
Microsoft Visual Studio Solution File, Format Version 12.00
# Visual Studio Version 17
VisualStudioVersion = 17.9.34728.123
MinimumVisualStudioVersion = 10.0.40219.1
Project("{FAE04EC0-301F-11D3-BF4B-00C04F79EFBC}") = "ManejoPresupuesto", "ManejoPresupuesto\ManejoPresupuesto.csproj", "{D61E30B8-E9B1-4400-8453-697D98EE2422}"
EndProject
Global
	GlobalSection(SolutionConfigurationPlatforms) = preSolution
		Debug|Any CPU = Debug|Any CPU
		Release|Any CPU = Release|Any CPU
	EndGlobalSection
	GlobalSection(ProjectConfigurationPlatforms) = postSolution
		{D61E30B8-E9B1-4400-8453-697D98EE2422}.Debug|Any CPU.ActiveCfg = Debug|Any CPU
		{D61E30B8-E9B1-4400-8453-697D98EE2422}.Debug|Any CPU.Build.0 = Debug|Any CPU
		{D61E30B8-E9B1-4400-8453-697D98EE2422}.Release|Any CPU.ActiveCfg = Release|Any CPU
		{D61E30B8-E9B1-4400-8453-697D98EE2422}.Release|Any CPU.Build.0 = Release|Any CPU
	EndGlobalSection
	GlobalSection(SolutionProperties) = preSolution
		HideSolutionNode = FALSE
	EndGlobalSection
	GlobalSection(ExtensibilityGlobals) = postSolution
		SolutionGuid = {27650B7E-F351-49A1-93FE-A1A35EECADEA}
	EndGlobalSection
EndGlobal
